
Microsoft Visual Studio Solution File, Format Version 12.00
# Visual Studio 2012
Project("{2150E333-8FDC-42A3-9474-1A3956D46DE8}") = "Sample", "Sample", "{B001AE05-6128-4389-90E1-B23A9FF8191F}"
EndProject
Project("{2150E333-8FDC-42A3-9474-1A3956D46DE8}") = "TextSelection", "TextSelection", "{D736D429-EF52-46F2-BB23-BFF26F219F33}"
EndProject
Project("{FAE04EC0-301F-11D3-BF4B-00C04F79EFBC}") = "MvvmCross.Plugins.TextSelection", "TextSelection\MvvmCross.Plugins.TextSelection\MvvmCross.Plugins.TextSelection.csproj", "{60E10BD3-DB9F-4CCB-9B12-C9799D7E7BCE}"
EndProject
Project("{FAE04EC0-301F-11D3-BF4B-00C04F79EFBC}") = "MvvmCross.Plugins.TextSelection.Droid", "TextSelection\MvvmCross.Plugins.TextSelection.Droid\MvvmCross.Plugins.TextSelection.Droid.csproj", "{C93E2B95-9DE5-4A76-9BF9-BC21EDB83CA7}"
EndProject
Project("{FAE04EC0-301F-11D3-BF4B-00C04F79EFBC}") = "MvvmCross.Plugins.TextSelection.iOS", "TextSelection\MvvmCross.Plugins.TextSelection.iOS\MvvmCross.Plugins.TextSelection.iOS.csproj", "{443E97DC-3652-4668-88E4-4EDBE5D935F8}"
EndProject
Project("{FAE04EC0-301F-11D3-BF4B-00C04F79EFBC}") = "MvvmCross.Plugins.TextSelection.Sample.Core", "Sample\Core\MvvmCross.Plugins.TextSelection.Sample.Core.csproj", "{5F95BDDC-A192-4966-B235-E88533DC430C}"
EndProject
Project("{FAE04EC0-301F-11D3-BF4B-00C04F79EFBC}") = "MvvmCross.Plugins.TextSelection.Sample.Droid", "Sample\Droid\MvvmCross.Plugins.TextSelection.Sample.Droid.csproj", "{6BA5A8E0-8698-46BA-A5C9-4088DAA2AAF9}"
EndProject
Project("{FAE04EC0-301F-11D3-BF4B-00C04F79EFBC}") = "MvvmCross.Plugins.TextSelection.Sample.iOS", "Sample\iOS\MvvmCross.Plugins.TextSelection.Sample.iOS.csproj", "{F22A6EE9-354D-4735-B3AC-22CCB8FA11AD}"
EndProject
Global
	GlobalSection(SolutionConfigurationPlatforms) = preSolution
		Debug|Any CPU = Debug|Any CPU
		Release|Any CPU = Release|Any CPU
		Debug|iPhoneSimulator = Debug|iPhoneSimulator
		Release|iPhone = Release|iPhone
		Release|iPhoneSimulator = Release|iPhoneSimulator
		Debug|iPhone = Debug|iPhone
	EndGlobalSection
	GlobalSection(ProjectConfigurationPlatforms) = postSolution
		{60E10BD3-DB9F-4CCB-9B12-C9799D7E7BCE}.Debug|Any CPU.ActiveCfg = Debug|Any CPU
		{60E10BD3-DB9F-4CCB-9B12-C9799D7E7BCE}.Debug|Any CPU.Build.0 = Debug|Any CPU
		{60E10BD3-DB9F-4CCB-9B12-C9799D7E7BCE}.Release|Any CPU.ActiveCfg = Release|Any CPU
		{60E10BD3-DB9F-4CCB-9B12-C9799D7E7BCE}.Release|Any CPU.Build.0 = Release|Any CPU
		{60E10BD3-DB9F-4CCB-9B12-C9799D7E7BCE}.Debug|iPhoneSimulator.ActiveCfg = Debug|Any CPU
		{60E10BD3-DB9F-4CCB-9B12-C9799D7E7BCE}.Debug|iPhoneSimulator.Build.0 = Debug|Any CPU
		{60E10BD3-DB9F-4CCB-9B12-C9799D7E7BCE}.Release|iPhone.ActiveCfg = Release|Any CPU
		{60E10BD3-DB9F-4CCB-9B12-C9799D7E7BCE}.Release|iPhone.Build.0 = Release|Any CPU
		{60E10BD3-DB9F-4CCB-9B12-C9799D7E7BCE}.Release|iPhoneSimulator.ActiveCfg = Release|Any CPU
		{60E10BD3-DB9F-4CCB-9B12-C9799D7E7BCE}.Release|iPhoneSimulator.Build.0 = Release|Any CPU
		{60E10BD3-DB9F-4CCB-9B12-C9799D7E7BCE}.Debug|iPhone.ActiveCfg = Debug|Any CPU
		{60E10BD3-DB9F-4CCB-9B12-C9799D7E7BCE}.Debug|iPhone.Build.0 = Debug|Any CPU
		{C93E2B95-9DE5-4A76-9BF9-BC21EDB83CA7}.Debug|Any CPU.ActiveCfg = Debug|Any CPU
		{C93E2B95-9DE5-4A76-9BF9-BC21EDB83CA7}.Debug|Any CPU.Build.0 = Debug|Any CPU
		{C93E2B95-9DE5-4A76-9BF9-BC21EDB83CA7}.Release|Any CPU.ActiveCfg = Release|Any CPU
		{C93E2B95-9DE5-4A76-9BF9-BC21EDB83CA7}.Release|Any CPU.Build.0 = Release|Any CPU
		{C93E2B95-9DE5-4A76-9BF9-BC21EDB83CA7}.Debug|iPhoneSimulator.ActiveCfg = Debug|Any CPU
		{C93E2B95-9DE5-4A76-9BF9-BC21EDB83CA7}.Debug|iPhoneSimulator.Build.0 = Debug|Any CPU
		{C93E2B95-9DE5-4A76-9BF9-BC21EDB83CA7}.Release|iPhone.ActiveCfg = Release|Any CPU
		{C93E2B95-9DE5-4A76-9BF9-BC21EDB83CA7}.Release|iPhone.Build.0 = Release|Any CPU
		{C93E2B95-9DE5-4A76-9BF9-BC21EDB83CA7}.Release|iPhoneSimulator.ActiveCfg = Release|Any CPU
		{C93E2B95-9DE5-4A76-9BF9-BC21EDB83CA7}.Release|iPhoneSimulator.Build.0 = Release|Any CPU
		{C93E2B95-9DE5-4A76-9BF9-BC21EDB83CA7}.Debug|iPhone.ActiveCfg = Debug|Any CPU
		{C93E2B95-9DE5-4A76-9BF9-BC21EDB83CA7}.Debug|iPhone.Build.0 = Debug|Any CPU
		{443E97DC-3652-4668-88E4-4EDBE5D935F8}.Debug|Any CPU.ActiveCfg = Debug|Any CPU
		{443E97DC-3652-4668-88E4-4EDBE5D935F8}.Debug|Any CPU.Build.0 = Debug|Any CPU
		{443E97DC-3652-4668-88E4-4EDBE5D935F8}.Release|Any CPU.ActiveCfg = Release|Any CPU
		{443E97DC-3652-4668-88E4-4EDBE5D935F8}.Release|Any CPU.Build.0 = Release|Any CPU
		{443E97DC-3652-4668-88E4-4EDBE5D935F8}.Debug|iPhoneSimulator.ActiveCfg = Debug|Any CPU
		{443E97DC-3652-4668-88E4-4EDBE5D935F8}.Debug|iPhoneSimulator.Build.0 = Debug|Any CPU
		{443E97DC-3652-4668-88E4-4EDBE5D935F8}.Release|iPhone.ActiveCfg = Release|Any CPU
		{443E97DC-3652-4668-88E4-4EDBE5D935F8}.Release|iPhone.Build.0 = Release|Any CPU
		{443E97DC-3652-4668-88E4-4EDBE5D935F8}.Release|iPhoneSimulator.ActiveCfg = Release|Any CPU
		{443E97DC-3652-4668-88E4-4EDBE5D935F8}.Release|iPhoneSimulator.Build.0 = Release|Any CPU
		{443E97DC-3652-4668-88E4-4EDBE5D935F8}.Debug|iPhone.ActiveCfg = Debug|Any CPU
		{443E97DC-3652-4668-88E4-4EDBE5D935F8}.Debug|iPhone.Build.0 = Debug|Any CPU
		{5F95BDDC-A192-4966-B235-E88533DC430C}.Debug|Any CPU.ActiveCfg = Debug|Any CPU
		{5F95BDDC-A192-4966-B235-E88533DC430C}.Debug|Any CPU.Build.0 = Debug|Any CPU
		{5F95BDDC-A192-4966-B235-E88533DC430C}.Release|Any CPU.ActiveCfg = Release|Any CPU
		{5F95BDDC-A192-4966-B235-E88533DC430C}.Release|Any CPU.Build.0 = Release|Any CPU
		{5F95BDDC-A192-4966-B235-E88533DC430C}.Debug|iPhoneSimulator.ActiveCfg = Debug|Any CPU
		{5F95BDDC-A192-4966-B235-E88533DC430C}.Debug|iPhoneSimulator.Build.0 = Debug|Any CPU
		{5F95BDDC-A192-4966-B235-E88533DC430C}.Release|iPhone.ActiveCfg = Release|Any CPU
		{5F95BDDC-A192-4966-B235-E88533DC430C}.Release|iPhone.Build.0 = Release|Any CPU
		{5F95BDDC-A192-4966-B235-E88533DC430C}.Release|iPhoneSimulator.ActiveCfg = Release|Any CPU
		{5F95BDDC-A192-4966-B235-E88533DC430C}.Release|iPhoneSimulator.Build.0 = Release|Any CPU
		{5F95BDDC-A192-4966-B235-E88533DC430C}.Debug|iPhone.ActiveCfg = Debug|Any CPU
		{5F95BDDC-A192-4966-B235-E88533DC430C}.Debug|iPhone.Build.0 = Debug|Any CPU
		{6BA5A8E0-8698-46BA-A5C9-4088DAA2AAF9}.Debug|Any CPU.ActiveCfg = Debug|Any CPU
		{6BA5A8E0-8698-46BA-A5C9-4088DAA2AAF9}.Debug|Any CPU.Build.0 = Debug|Any CPU
		{6BA5A8E0-8698-46BA-A5C9-4088DAA2AAF9}.Release|Any CPU.ActiveCfg = Release|Any CPU
		{6BA5A8E0-8698-46BA-A5C9-4088DAA2AAF9}.Release|Any CPU.Build.0 = Release|Any CPU
		{6BA5A8E0-8698-46BA-A5C9-4088DAA2AAF9}.Debug|iPhoneSimulator.ActiveCfg = Debug|Any CPU
		{6BA5A8E0-8698-46BA-A5C9-4088DAA2AAF9}.Debug|iPhoneSimulator.Build.0 = Debug|Any CPU
		{6BA5A8E0-8698-46BA-A5C9-4088DAA2AAF9}.Release|iPhone.ActiveCfg = Release|Any CPU
		{6BA5A8E0-8698-46BA-A5C9-4088DAA2AAF9}.Release|iPhone.Build.0 = Release|Any CPU
		{6BA5A8E0-8698-46BA-A5C9-4088DAA2AAF9}.Release|iPhoneSimulator.ActiveCfg = Release|Any CPU
		{6BA5A8E0-8698-46BA-A5C9-4088DAA2AAF9}.Release|iPhoneSimulator.Build.0 = Release|Any CPU
		{6BA5A8E0-8698-46BA-A5C9-4088DAA2AAF9}.Debug|iPhone.ActiveCfg = Debug|Any CPU
		{6BA5A8E0-8698-46BA-A5C9-4088DAA2AAF9}.Debug|iPhone.Build.0 = Debug|Any CPU
		{F22A6EE9-354D-4735-B3AC-22CCB8FA11AD}.Debug|Any CPU.ActiveCfg = Debug|iPhoneSimulator
		{F22A6EE9-354D-4735-B3AC-22CCB8FA11AD}.Debug|Any CPU.Build.0 = Debug|iPhoneSimulator
		{F22A6EE9-354D-4735-B3AC-22CCB8FA11AD}.Release|Any CPU.ActiveCfg = Release|iPhone
		{F22A6EE9-354D-4735-B3AC-22CCB8FA11AD}.Release|Any CPU.Build.0 = Release|iPhone
		{F22A6EE9-354D-4735-B3AC-22CCB8FA11AD}.Debug|iPhoneSimulator.ActiveCfg = Debug|iPhoneSimulator
		{F22A6EE9-354D-4735-B3AC-22CCB8FA11AD}.Debug|iPhoneSimulator.Build.0 = Debug|iPhoneSimulator
		{F22A6EE9-354D-4735-B3AC-22CCB8FA11AD}.Release|iPhone.ActiveCfg = Release|iPhone
		{F22A6EE9-354D-4735-B3AC-22CCB8FA11AD}.Release|iPhone.Build.0 = Release|iPhone
		{F22A6EE9-354D-4735-B3AC-22CCB8FA11AD}.Release|iPhoneSimulator.ActiveCfg = Release|iPhoneSimulator
		{F22A6EE9-354D-4735-B3AC-22CCB8FA11AD}.Release|iPhoneSimulator.Build.0 = Release|iPhoneSimulator
		{F22A6EE9-354D-4735-B3AC-22CCB8FA11AD}.Debug|iPhone.ActiveCfg = Debug|iPhone
		{F22A6EE9-354D-4735-B3AC-22CCB8FA11AD}.Debug|iPhone.Build.0 = Debug|iPhone
	EndGlobalSection
	GlobalSection(NestedProjects) = preSolution
		{60E10BD3-DB9F-4CCB-9B12-C9799D7E7BCE} = {D736D429-EF52-46F2-BB23-BFF26F219F33}
		{C93E2B95-9DE5-4A76-9BF9-BC21EDB83CA7} = {D736D429-EF52-46F2-BB23-BFF26F219F33}
		{443E97DC-3652-4668-88E4-4EDBE5D935F8} = {D736D429-EF52-46F2-BB23-BFF26F219F33}
		{5F95BDDC-A192-4966-B235-E88533DC430C} = {B001AE05-6128-4389-90E1-B23A9FF8191F}
		{6BA5A8E0-8698-46BA-A5C9-4088DAA2AAF9} = {B001AE05-6128-4389-90E1-B23A9FF8191F}
		{F22A6EE9-354D-4735-B3AC-22CCB8FA11AD} = {B001AE05-6128-4389-90E1-B23A9FF8191F}
	EndGlobalSection
EndGlobal
